
Microsoft Visual Studio Solution File, Format Version 12.00
# Visual Studio 2012
Project("{2150E333-8FDC-42A3-9474-1A3956D46DE8}") = "02 - Domain", "02 - Domain", "{A1A9517A-3E16-4DE4-A67E-A1C9FCA5B7FE}"
EndProject
Project("{FAE04EC0-301F-11D3-BF4B-00C04F79EFBC}") = "Trul.Domain.Core", "Trul.Domain.Core\Trul.Domain.Core.csproj", "{F2D33F05-9F0A-42B8-A954-E8B4296170E1}"
EndProject
Project("{FAE04EC0-301F-11D3-BF4B-00C04F79EFBC}") = "Trul.Domain", "Trul.Domain\Trul.Domain.csproj", "{C37D056C-ADF2-4FB9-88E3-3DBD3E8F903B}"
EndProject
Project("{2150E333-8FDC-42A3-9474-1A3956D46DE8}") = "05 - Infrastructure", "05 - Infrastructure", "{34D88680-9D59-47B7-A5AF-5FF4499BA7AF}"
EndProject
Project("{FAE04EC0-301F-11D3-BF4B-00C04F79EFBC}") = "Trul.Infrastructure.Crosscutting", "Trul.Infrastructure.Crosscutting\Trul.Infrastructure.Crosscutting.csproj", "{964421C2-DDFE-4D52-8B5C-B22F60D820DC}"
EndProject
Project("{FAE04EC0-301F-11D3-BF4B-00C04F79EFBC}") = "Trul.Infrastructure.Crosscutting.NetFrm", "Trul.Infrastructure.Crosscutting.NetFrm\Trul.Infrastructure.Crosscutting.NetFrm.csproj", "{55769F9B-C7D2-41AB-A386-0BD5C5F9E67D}"
EndProject
Project("{2150E333-8FDC-42A3-9474-1A3956D46DE8}") = "03 - Data", "03 - Data", "{5F7EDA64-2B51-4C04-ADC0-88AA9D4DA434}"
EndProject
Project("{FAE04EC0-301F-11D3-BF4B-00C04F79EFBC}") = "Trul.Data.Core", "Trul.Data.Core\Trul.Data.Core.csproj", "{E16B7AD7-29E4-4BC1-B60A-3BBC17020117}"
EndProject
Project("{2150E333-8FDC-42A3-9474-1A3956D46DE8}") = "01 - Framework", "01 - Framework", "{EE9CC62E-E1C7-49C3-ABB5-B64F24B1CA11}"
EndProject
Project("{FAE04EC0-301F-11D3-BF4B-00C04F79EFBC}") = "Trul.Framework", "Trul.Framework\Trul.Framework.csproj", "{B884CC43-E425-4B4F-92E1-426D2F41EB7A}"
EndProject
Project("{FAE04EC0-301F-11D3-BF4B-00C04F79EFBC}") = "Trul.Infrastructure.Crosscutting.Windsor", "Trul.Infrastructure.Crosscutting.Windsor\Trul.Infrastructure.Crosscutting.Windsor.csproj", "{CB1152FE-1BCA-4862-8315-BFCD962960CB}"
EndProject
Project("{2150E333-8FDC-42A3-9474-1A3956D46DE8}") = "09 - UI", "09 - UI", "{5FF5CDDB-BD79-4093-83BC-2FAC1A4AE1D3}"
EndProject
Project("{FAE04EC0-301F-11D3-BF4B-00C04F79EFBC}") = "Trul.WebUI", "Trul.WebUI\Trul.WebUI.csproj", "{97062470-146A-4959-BA51-3309F31C26FA}"
EndProject
Project("{2150E333-8FDC-42A3-9474-1A3956D46DE8}") = "04 - Service", "04 - Service", "{30DC972F-9D17-49E9-B392-CCE175B3C152}"
EndProject
Project("{FAE04EC0-301F-11D3-BF4B-00C04F79EFBC}") = "Trul.Service", "Trul.Service\Trul.Service.csproj", "{D495D0DB-62D0-4060-9211-66AA51D25C81}"
EndProject
Project("{FAE04EC0-301F-11D3-BF4B-00C04F79EFBC}") = "Trul.Infrastructure.Crosscutting.NetFrm.Test", "Trul.Infrastructure.Crosscutting.NetFrm.Test\Trul.Infrastructure.Crosscutting.NetFrm.Test.csproj", "{CB633169-6286-4A6C-A843-220FD78C77FC}"
EndProject
Project("{2150E333-8FDC-42A3-9474-1A3956D46DE8}") = "06 - Application", "06 - Application", "{4C9A7675-B0AB-47E4-9620-0D2BF2041835}"
EndProject
Project("{FAE04EC0-301F-11D3-BF4B-00C04F79EFBC}") = "Trul.Application.DTO", "Trul.Application.DTO\Trul.Application.DTO.csproj", "{FCE2A9A6-2F56-42BD-BA51-92F274DE2E98}"
EndProject
Project("{FAE04EC0-301F-11D3-BF4B-00C04F79EFBC}") = "Trul.Application", "Trul.Application\Trul.Application.csproj", "{66348945-351A-4CFE-BC9E-426552FFF7C9}"
EndProject
Project("{FAE04EC0-301F-11D3-BF4B-00C04F79EFBC}") = "Trul.Application.UI", "Trul.Application.UI\Trul.Application.UI.csproj", "{D13020DA-7CB4-4B8E-9F01-831C90E0305C}"
EndProject
Project("{FAE04EC0-301F-11D3-BF4B-00C04F79EFBC}") = "Trul.Service.Core", "Trul.Service.Core\Trul.Service.Core.csproj", "{258131F7-E28D-4AA4-863E-D710D628DFE6}"
EndProject
Project("{FAE04EC0-301F-11D3-BF4B-00C04F79EFBC}") = "Trul.Application.UI.Core", "Trul.Application.UI.Core\Trul.Application.UI.Core.csproj", "{759E4851-AA53-48D4-9112-69C4A22B50BA}"
EndProject
Project("{FAE04EC0-301F-11D3-BF4B-00C04F79EFBC}") = "Trul.MobileUI", "Trul.MobileUI\Trul.MobileUI.csproj", "{8D65AEDA-034F-4E7E-B19C-A7991B2F68D4}"
EndProject
Project("{FAE04EC0-301F-11D3-BF4B-00C04F79EFBC}") = "Trul.Data.EntityFramework", "Trul.Data.EntityFramework\Trul.Data.EntityFramework.csproj", "{B341D32C-A255-4062-80DC-9A31090A0DB5}"
EndProject
Project("{FAE04EC0-301F-11D3-BF4B-00C04F79EFBC}") = "Trul.Data.Mock", "Trul.Data.Mock\Trul.Data.Mock.csproj", "{FD0E0EAD-39C0-40FD-BB76-0A587B1F26AF}"
EndProject
Project("{FAE04EC0-301F-11D3-BF4B-00C04F79EFBC}") = "Trul.Infrastructure.Crosscutting.FormsAuthentication", "Trul.Infrastructure.Crosscutting.FormsAuthentication\Trul.Infrastructure.Crosscutting.FormsAuthentication.csproj", "{3B7414B3-48EF-46C6-A1B5-7B378766A193}"
EndProject
Global
	GlobalSection(SolutionConfigurationPlatforms) = preSolution
		Debug|Any CPU = Debug|Any CPU
		Release|Any CPU = Release|Any CPU
	EndGlobalSection
	GlobalSection(ProjectConfigurationPlatforms) = postSolution
		{F2D33F05-9F0A-42B8-A954-E8B4296170E1}.Debug|Any CPU.ActiveCfg = Debug|Any CPU
		{F2D33F05-9F0A-42B8-A954-E8B4296170E1}.Debug|Any CPU.Build.0 = Debug|Any CPU
		{F2D33F05-9F0A-42B8-A954-E8B4296170E1}.Release|Any CPU.ActiveCfg = Release|Any CPU
		{F2D33F05-9F0A-42B8-A954-E8B4296170E1}.Release|Any CPU.Build.0 = Release|Any CPU
		{C37D056C-ADF2-4FB9-88E3-3DBD3E8F903B}.Debug|Any CPU.ActiveCfg = Debug|Any CPU
		{C37D056C-ADF2-4FB9-88E3-3DBD3E8F903B}.Debug|Any CPU.Build.0 = Debug|Any CPU
		{C37D056C-ADF2-4FB9-88E3-3DBD3E8F903B}.Release|Any CPU.ActiveCfg = Release|Any CPU
		{C37D056C-ADF2-4FB9-88E3-3DBD3E8F903B}.Release|Any CPU.Build.0 = Release|Any CPU
		{964421C2-DDFE-4D52-8B5C-B22F60D820DC}.Debug|Any CPU.ActiveCfg = Debug|Any CPU
		{964421C2-DDFE-4D52-8B5C-B22F60D820DC}.Debug|Any CPU.Build.0 = Debug|Any CPU
		{964421C2-DDFE-4D52-8B5C-B22F60D820DC}.Release|Any CPU.ActiveCfg = Release|Any CPU
		{964421C2-DDFE-4D52-8B5C-B22F60D820DC}.Release|Any CPU.Build.0 = Release|Any CPU
		{55769F9B-C7D2-41AB-A386-0BD5C5F9E67D}.Debug|Any CPU.ActiveCfg = Debug|Any CPU
		{55769F9B-C7D2-41AB-A386-0BD5C5F9E67D}.Debug|Any CPU.Build.0 = Debug|Any CPU
		{55769F9B-C7D2-41AB-A386-0BD5C5F9E67D}.Release|Any CPU.ActiveCfg = Release|Any CPU
		{55769F9B-C7D2-41AB-A386-0BD5C5F9E67D}.Release|Any CPU.Build.0 = Release|Any CPU
		{E16B7AD7-29E4-4BC1-B60A-3BBC17020117}.Debug|Any CPU.ActiveCfg = Debug|Any CPU
		{E16B7AD7-29E4-4BC1-B60A-3BBC17020117}.Debug|Any CPU.Build.0 = Debug|Any CPU
		{E16B7AD7-29E4-4BC1-B60A-3BBC17020117}.Release|Any CPU.ActiveCfg = Release|Any CPU
		{E16B7AD7-29E4-4BC1-B60A-3BBC17020117}.Release|Any CPU.Build.0 = Release|Any CPU
		{B884CC43-E425-4B4F-92E1-426D2F41EB7A}.Debug|Any CPU.ActiveCfg = Debug|Any CPU
		{B884CC43-E425-4B4F-92E1-426D2F41EB7A}.Debug|Any CPU.Build.0 = Debug|Any CPU
		{B884CC43-E425-4B4F-92E1-426D2F41EB7A}.Release|Any CPU.ActiveCfg = Release|Any CPU
		{B884CC43-E425-4B4F-92E1-426D2F41EB7A}.Release|Any CPU.Build.0 = Release|Any CPU
		{CB1152FE-1BCA-4862-8315-BFCD962960CB}.Debug|Any CPU.ActiveCfg = Debug|Any CPU
		{CB1152FE-1BCA-4862-8315-BFCD962960CB}.Debug|Any CPU.Build.0 = Debug|Any CPU
		{CB1152FE-1BCA-4862-8315-BFCD962960CB}.Release|Any CPU.ActiveCfg = Release|Any CPU
		{CB1152FE-1BCA-4862-8315-BFCD962960CB}.Release|Any CPU.Build.0 = Release|Any CPU
		{97062470-146A-4959-BA51-3309F31C26FA}.Debug|Any CPU.ActiveCfg = Debug|Any CPU
		{97062470-146A-4959-BA51-3309F31C26FA}.Debug|Any CPU.Build.0 = Debug|Any CPU
		{97062470-146A-4959-BA51-3309F31C26FA}.Release|Any CPU.ActiveCfg = Release|Any CPU
		{97062470-146A-4959-BA51-3309F31C26FA}.Release|Any CPU.Build.0 = Release|Any CPU
		{D495D0DB-62D0-4060-9211-66AA51D25C81}.Debug|Any CPU.ActiveCfg = Debug|Any CPU
		{D495D0DB-62D0-4060-9211-66AA51D25C81}.Debug|Any CPU.Build.0 = Debug|Any CPU
		{D495D0DB-62D0-4060-9211-66AA51D25C81}.Release|Any CPU.ActiveCfg = Release|Any CPU
		{D495D0DB-62D0-4060-9211-66AA51D25C81}.Release|Any CPU.Build.0 = Release|Any CPU
		{CB633169-6286-4A6C-A843-220FD78C77FC}.Debug|Any CPU.ActiveCfg = Debug|Any CPU
		{CB633169-6286-4A6C-A843-220FD78C77FC}.Debug|Any CPU.Build.0 = Debug|Any CPU
		{CB633169-6286-4A6C-A843-220FD78C77FC}.Release|Any CPU.ActiveCfg = Release|Any CPU
		{CB633169-6286-4A6C-A843-220FD78C77FC}.Release|Any CPU.Build.0 = Release|Any CPU
		{FCE2A9A6-2F56-42BD-BA51-92F274DE2E98}.Debug|Any CPU.ActiveCfg = Debug|Any CPU
		{FCE2A9A6-2F56-42BD-BA51-92F274DE2E98}.Debug|Any CPU.Build.0 = Debug|Any CPU
		{FCE2A9A6-2F56-42BD-BA51-92F274DE2E98}.Release|Any CPU.ActiveCfg = Release|Any CPU
		{FCE2A9A6-2F56-42BD-BA51-92F274DE2E98}.Release|Any CPU.Build.0 = Release|Any CPU
		{66348945-351A-4CFE-BC9E-426552FFF7C9}.Debug|Any CPU.ActiveCfg = Debug|Any CPU
		{66348945-351A-4CFE-BC9E-426552FFF7C9}.Debug|Any CPU.Build.0 = Debug|Any CPU
		{66348945-351A-4CFE-BC9E-426552FFF7C9}.Release|Any CPU.ActiveCfg = Release|Any CPU
		{66348945-351A-4CFE-BC9E-426552FFF7C9}.Release|Any CPU.Build.0 = Release|Any CPU
		{D13020DA-7CB4-4B8E-9F01-831C90E0305C}.Debug|Any CPU.ActiveCfg = Debug|Any CPU
		{D13020DA-7CB4-4B8E-9F01-831C90E0305C}.Debug|Any CPU.Build.0 = Debug|Any CPU
		{D13020DA-7CB4-4B8E-9F01-831C90E0305C}.Release|Any CPU.ActiveCfg = Release|Any CPU
		{D13020DA-7CB4-4B8E-9F01-831C90E0305C}.Release|Any CPU.Build.0 = Release|Any CPU
		{258131F7-E28D-4AA4-863E-D710D628DFE6}.Debug|Any CPU.ActiveCfg = Debug|Any CPU
		{258131F7-E28D-4AA4-863E-D710D628DFE6}.Debug|Any CPU.Build.0 = Debug|Any CPU
		{258131F7-E28D-4AA4-863E-D710D628DFE6}.Release|Any CPU.ActiveCfg = Release|Any CPU
		{258131F7-E28D-4AA4-863E-D710D628DFE6}.Release|Any CPU.Build.0 = Release|Any CPU
		{759E4851-AA53-48D4-9112-69C4A22B50BA}.Debug|Any CPU.ActiveCfg = Debug|Any CPU
		{759E4851-AA53-48D4-9112-69C4A22B50BA}.Debug|Any CPU.Build.0 = Debug|Any CPU
		{759E4851-AA53-48D4-9112-69C4A22B50BA}.Release|Any CPU.ActiveCfg = Release|Any CPU
		{759E4851-AA53-48D4-9112-69C4A22B50BA}.Release|Any CPU.Build.0 = Release|Any CPU
		{8D65AEDA-034F-4E7E-B19C-A7991B2F68D4}.Debug|Any CPU.ActiveCfg = Debug|Any CPU
		{8D65AEDA-034F-4E7E-B19C-A7991B2F68D4}.Debug|Any CPU.Build.0 = Debug|Any CPU
		{8D65AEDA-034F-4E7E-B19C-A7991B2F68D4}.Release|Any CPU.ActiveCfg = Release|Any CPU
		{8D65AEDA-034F-4E7E-B19C-A7991B2F68D4}.Release|Any CPU.Build.0 = Release|Any CPU
		{B341D32C-A255-4062-80DC-9A31090A0DB5}.Debug|Any CPU.ActiveCfg = Debug|Any CPU
		{B341D32C-A255-4062-80DC-9A31090A0DB5}.Debug|Any CPU.Build.0 = Debug|Any CPU
		{B341D32C-A255-4062-80DC-9A31090A0DB5}.Release|Any CPU.ActiveCfg = Release|Any CPU
		{B341D32C-A255-4062-80DC-9A31090A0DB5}.Release|Any CPU.Build.0 = Release|Any CPU
		{FD0E0EAD-39C0-40FD-BB76-0A587B1F26AF}.Debug|Any CPU.ActiveCfg = Debug|Any CPU
		{FD0E0EAD-39C0-40FD-BB76-0A587B1F26AF}.Debug|Any CPU.Build.0 = Debug|Any CPU
		{FD0E0EAD-39C0-40FD-BB76-0A587B1F26AF}.Release|Any CPU.ActiveCfg = Release|Any CPU
		{FD0E0EAD-39C0-40FD-BB76-0A587B1F26AF}.Release|Any CPU.Build.0 = Release|Any CPU
		{3B7414B3-48EF-46C6-A1B5-7B378766A193}.Debug|Any CPU.ActiveCfg = Debug|Any CPU
		{3B7414B3-48EF-46C6-A1B5-7B378766A193}.Debug|Any CPU.Build.0 = Debug|Any CPU
		{3B7414B3-48EF-46C6-A1B5-7B378766A193}.Release|Any CPU.ActiveCfg = Release|Any CPU
		{3B7414B3-48EF-46C6-A1B5-7B378766A193}.Release|Any CPU.Build.0 = Release|Any CPU
	EndGlobalSection
	GlobalSection(SolutionProperties) = preSolution
		HideSolutionNode = FALSE
	EndGlobalSection
	GlobalSection(NestedProjects) = preSolution
		{F2D33F05-9F0A-42B8-A954-E8B4296170E1} = {A1A9517A-3E16-4DE4-A67E-A1C9FCA5B7FE}
		{C37D056C-ADF2-4FB9-88E3-3DBD3E8F903B} = {A1A9517A-3E16-4DE4-A67E-A1C9FCA5B7FE}
		{964421C2-DDFE-4D52-8B5C-B22F60D820DC} = {34D88680-9D59-47B7-A5AF-5FF4499BA7AF}
		{55769F9B-C7D2-41AB-A386-0BD5C5F9E67D} = {34D88680-9D59-47B7-A5AF-5FF4499BA7AF}
		{CB1152FE-1BCA-4862-8315-BFCD962960CB} = {34D88680-9D59-47B7-A5AF-5FF4499BA7AF}
		{CB633169-6286-4A6C-A843-220FD78C77FC} = {34D88680-9D59-47B7-A5AF-5FF4499BA7AF}
		{3B7414B3-48EF-46C6-A1B5-7B378766A193} = {34D88680-9D59-47B7-A5AF-5FF4499BA7AF}
		{E16B7AD7-29E4-4BC1-B60A-3BBC17020117} = {5F7EDA64-2B51-4C04-ADC0-88AA9D4DA434}
		{B341D32C-A255-4062-80DC-9A31090A0DB5} = {5F7EDA64-2B51-4C04-ADC0-88AA9D4DA434}
		{FD0E0EAD-39C0-40FD-BB76-0A587B1F26AF} = {5F7EDA64-2B51-4C04-ADC0-88AA9D4DA434}
		{B884CC43-E425-4B4F-92E1-426D2F41EB7A} = {EE9CC62E-E1C7-49C3-ABB5-B64F24B1CA11}
		{97062470-146A-4959-BA51-3309F31C26FA} = {5FF5CDDB-BD79-4093-83BC-2FAC1A4AE1D3}
		{8D65AEDA-034F-4E7E-B19C-A7991B2F68D4} = {5FF5CDDB-BD79-4093-83BC-2FAC1A4AE1D3}
		{D495D0DB-62D0-4060-9211-66AA51D25C81} = {30DC972F-9D17-49E9-B392-CCE175B3C152}
		{258131F7-E28D-4AA4-863E-D710D628DFE6} = {30DC972F-9D17-49E9-B392-CCE175B3C152}
		{FCE2A9A6-2F56-42BD-BA51-92F274DE2E98} = {4C9A7675-B0AB-47E4-9620-0D2BF2041835}
		{66348945-351A-4CFE-BC9E-426552FFF7C9} = {4C9A7675-B0AB-47E4-9620-0D2BF2041835}
		{D13020DA-7CB4-4B8E-9F01-831C90E0305C} = {4C9A7675-B0AB-47E4-9620-0D2BF2041835}
		{759E4851-AA53-48D4-9112-69C4A22B50BA} = {4C9A7675-B0AB-47E4-9620-0D2BF2041835}
	EndGlobalSection
EndGlobal
